
Microsoft Visual Studio Solution File, Format Version 12.00
# Visual Studio Version 16
VisualStudioVersion = 16.0.30413.136
MinimumVisualStudioVersion = 10.0.40219.1
Project("{FAE04EC0-301F-11D3-BF4B-00C04F79EFBC}") = "MIS4800_940", "MIS4800_940.csproj", "{66C7B5C6-9A50-4906-9DD9-368717B7D1B5}"
EndProject
Global
	GlobalSection(SolutionConfigurationPlatforms) = preSolution
		Debug|Any CPU = Debug|Any CPU
		Release|Any CPU = Release|Any CPU
	EndGlobalSection
	GlobalSection(ProjectConfigurationPlatforms) = postSolution
		{66C7B5C6-9A50-4906-9DD9-368717B7D1B5}.Debug|Any CPU.ActiveCfg = Debug|Any CPU
		{66C7B5C6-9A50-4906-9DD9-368717B7D1B5}.Debug|Any CPU.Build.0 = Debug|Any CPU
		{66C7B5C6-9A50-4906-9DD9-368717B7D1B5}.Release|Any CPU.ActiveCfg = Release|Any CPU
		{66C7B5C6-9A50-4906-9DD9-368717B7D1B5}.Release|Any CPU.Build.0 = Release|Any CPU
	EndGlobalSection
	GlobalSection(SolutionProperties) = preSolution
		HideSolutionNode = FALSE
	EndGlobalSection
	GlobalSection(ExtensibilityGlobals) = postSolution
		SolutionGuid = {FCAA5499-F5B2-4442-AE1C-37F6AB01FB71}
	EndGlobalSection
EndGlobal
